
Microsoft Visual Studio Solution File, Format Version 12.00
# Visual Studio Version 16
VisualStudioVersion = 16.0.31729.503
MinimumVisualStudioVersion = 10.0.40219.1
Project("{FAE04EC0-301F-11D3-BF4B-00C04F79EFBC}") = "DataStructuresResearchPaper", "DataStructuresResearchPaper\DataStructuresResearchPaper.csproj", "{A7DDFBA9-E716-49E1-8AEF-42A844904250}"
EndProject
Project("{FAE04EC0-301F-11D3-BF4B-00C04F79EFBC}") = "SortingAlgos", "SortingAlgos\SortingAlgos.csproj", "{4C03309A-5C4C-465B-B7E6-7208DB3989F3}"
EndProject
Global
	GlobalSection(SolutionConfigurationPlatforms) = preSolution
		Debug|Any CPU = Debug|Any CPU
		Release|Any CPU = Release|Any CPU
	EndGlobalSection
	GlobalSection(ProjectConfigurationPlatforms) = postSolution
		{A7DDFBA9-E716-49E1-8AEF-42A844904250}.Debug|Any CPU.ActiveCfg = Debug|Any CPU
		{A7DDFBA9-E716-49E1-8AEF-42A844904250}.Debug|Any CPU.Build.0 = Debug|Any CPU
		{A7DDFBA9-E716-49E1-8AEF-42A844904250}.Release|Any CPU.ActiveCfg = Release|Any CPU
		{A7DDFBA9-E716-49E1-8AEF-42A844904250}.Release|Any CPU.Build.0 = Release|Any CPU
		{4C03309A-5C4C-465B-B7E6-7208DB3989F3}.Debug|Any CPU.ActiveCfg = Debug|Any CPU
		{4C03309A-5C4C-465B-B7E6-7208DB3989F3}.Debug|Any CPU.Build.0 = Debug|Any CPU
		{4C03309A-5C4C-465B-B7E6-7208DB3989F3}.Release|Any CPU.ActiveCfg = Release|Any CPU
		{4C03309A-5C4C-465B-B7E6-7208DB3989F3}.Release|Any CPU.Build.0 = Release|Any CPU
	EndGlobalSection
	GlobalSection(SolutionProperties) = preSolution
		HideSolutionNode = FALSE
	EndGlobalSection
	GlobalSection(ExtensibilityGlobals) = postSolution
		SolutionGuid = {EE0B96F8-8A3D-4F3E-9C51-B182C403009E}
	EndGlobalSection
EndGlobal
